
Microsoft Visual Studio Solution File, Format Version 12.00
# Visual Studio Version 17
VisualStudioVersion = 17.7.34003.232
MinimumVisualStudioVersion = 10.0.40219.1
Project("{FAE04EC0-301F-11D3-BF4B-00C04F79EFBC}") = "DCMTest", "DCMTest\DCMTest.csproj", "{BF348ECE-9F8E-4CFE-A53D-85D7DE62CE9E}"
EndProject
Global
	GlobalSection(SolutionConfigurationPlatforms) = preSolution
		Debug|Any CPU = Debug|Any CPU
		Release|Any CPU = Release|Any CPU
	EndGlobalSection
	GlobalSection(ProjectConfigurationPlatforms) = postSolution
		{BF348ECE-9F8E-4CFE-A53D-85D7DE62CE9E}.Debug|Any CPU.ActiveCfg = Debug|Any CPU
		{BF348ECE-9F8E-4CFE-A53D-85D7DE62CE9E}.Debug|Any CPU.Build.0 = Debug|Any CPU
		{BF348ECE-9F8E-4CFE-A53D-85D7DE62CE9E}.Release|Any CPU.ActiveCfg = Release|Any CPU
		{BF348ECE-9F8E-4CFE-A53D-85D7DE62CE9E}.Release|Any CPU.Build.0 = Release|Any CPU
	EndGlobalSection
	GlobalSection(SolutionProperties) = preSolution
		HideSolutionNode = FALSE
	EndGlobalSection
	GlobalSection(ExtensibilityGlobals) = postSolution
		SolutionGuid = {A2CE27E1-5DBF-4E58-ADE6-0E5395D31627}
	EndGlobalSection
EndGlobal
